
Microsoft Visual Studio Solution File, Format Version 12.00
# Visual Studio 2012
Project("{8BC9CEB8-8B4A-11D0-8D11-00A0C91BC942}") = "输入某年某月某日，判断这一天是这一年的第几天", "输入某年某月某日，判断这一天是这一年的第几天\输入某年某月某日，判断这一天是这一年的第几天.vcxproj", "{52981E1B-3CF9-4A33-9C15-7E819B1AA77A}"
EndProject
Global
	GlobalSection(SolutionConfigurationPlatforms) = preSolution
		Debug|Win32 = Debug|Win32
		Release|Win32 = Release|Win32
	EndGlobalSection
	GlobalSection(ProjectConfigurationPlatforms) = postSolution
		{52981E1B-3CF9-4A33-9C15-7E819B1AA77A}.Debug|Win32.ActiveCfg = Debug|Win32
		{52981E1B-3CF9-4A33-9C15-7E819B1AA77A}.Debug|Win32.Build.0 = Debug|Win32
		{52981E1B-3CF9-4A33-9C15-7E819B1AA77A}.Release|Win32.ActiveCfg = Release|Win32
		{52981E1B-3CF9-4A33-9C15-7E819B1AA77A}.Release|Win32.Build.0 = Release|Win32
	EndGlobalSection
	GlobalSection(SolutionProperties) = preSolution
		HideSolutionNode = FALSE
	EndGlobalSection
EndGlobal
